// !$*UTF8*$!
{
	archiveVersion = 1;
	classes = {
	};
	objectVersion = 46;
	objects = {

/* Begin PBXBuildFile section */
		4A57A5D61EEF77EA0099D640 /* AppDelegate.swift in Sources */ = {isa = PBXBuildFile; fileRef = 4A57A5D51EEF77EA0099D640 /* AppDelegate.swift */; };
		4A57A5D81EEF77EA0099D640 /* ViewController.swift in Sources */ = {isa = PBXBuildFile; fileRef = 4A57A5D71EEF77EA0099D640 /* ViewController.swift */; };
		4A57A5DB1EEF77EA0099D640 /* Main.storyboard in Resources */ = {isa = PBXBuildFile; fileRef = 4A57A5D91EEF77EA0099D640 /* Main.storyboard */; };
		4A57A5DD1EEF77EA0099D640 /* Assets.xcassets in Resources */ = {isa = PBXBuildFile; fileRef = 4A57A5DC1EEF77EA0099D640 /* Assets.xcassets */; };
		4A57A5E01EEF77EA0099D640 /* LaunchScreen.storyboard in Resources */ = {isa = PBXBuildFile; fileRef = 4A57A5DE1EEF77EA0099D640 /* LaunchScreen.storyboard */; };
		4A57A5E81EEF78FE0099D640 /* TableViewCell.swift in Sources */ = {isa = PBXBuildFile; fileRef = 4A57A5E71EEF78FE0099D640 /* TableViewCell.swift */; };
		4A57A5EE1EEF7C360099D640 /* Macro.swift in Sources */ = {isa = PBXBuildFile; fileRef = 4A57A5ED1EEF7C360099D640 /* Macro.swift */; };
		4A57A5F31EEF80E70099D640 /* UILabel.swift in Sources */ = {isa = PBXBuildFile; fileRef = 4A57A5F21EEF80E70099D640 /* UILabel.swift */; };
		4A57A5F51EEF8AD10099D640 /* Model.swift in Sources */ = {isa = PBXBuildFile; fileRef = 4A57A5F41EEF8AD10099D640 /* Model.swift */; };
		4A57A5F81EEF8C6B0099D640 /* HttpRequest.swift in Sources */ = {isa = PBXBuildFile; fileRef = 4A57A5F71EEF8C6B0099D640 /* HttpRequest.swift */; };
/* End PBXBuildFile section */

/* Begin PBXFileReference section */
		4A57A5D21EEF77EA0099D640 /* MGDemo.app */ = {isa = PBXFileReference; explicitFileType = wrapper.application; includeInIndex = 0; path = MGDemo.app; sourceTree = BUILT_PRODUCTS_DIR; };
		4A57A5D51EEF77EA0099D640 /* AppDelegate.swift */ = {isa = PBXFileReference; lastKnownFileType = sourcecode.swift; path = AppDelegate.swift; sourceTree = "<group>"; };
		4A57A5D71EEF77EA0099D640 /* ViewController.swift */ = {isa = PBXFileReference; lastKnownFileType = sourcecode.swift; path = ViewController.swift; sourceTree = "<group>"; };
		4A57A5DA1EEF77EA0099D640 /* Base */ = {isa = PBXFileReference; lastKnownFileType = file.storyboard; name = Base; path = Base.lproj/Main.storyboard; sourceTree = "<group>"; };
		4A57A5DC1EEF77EA0099D640 /* Assets.xcassets */ = {isa = PBXFileReference; lastKnownFileType = folder.assetcatalog; path = Assets.xcassets; sourceTree = "<group>"; };
		4A57A5DF1EEF77EA0099D640 /* Base */ = {isa = PBXFileReference; lastKnownFileType = file.storyboard; name = Base; path = Base.lproj/LaunchScreen.storyboard; sourceTree = "<group>"; };
		4A57A5E11EEF77EA0099D640 /* Info.plist */ = {isa = PBXFileReference; lastKnownFileType = text.plist.xml; path = Info.plist; sourceTree = "<group>"; };
		4A57A5E71EEF78FE0099D640 /* TableViewCell.swift */ = {isa = PBXFileReference; fileEncoding = 4; lastKnownFileType = sourcecode.swift; name = TableViewCell.swift; path = View/TableViewCell.swift; sourceTree = "<group>"; };
		4A57A5ED1EEF7C360099D640 /* Macro.swift */ = {isa = PBXFileReference; fileEncoding = 4; lastKnownFileType = sourcecode.swift; name = Macro.swift; path = Config/Macro.swift; sourceTree = "<group>"; };
		4A57A5F21EEF80E70099D640 /* UILabel.swift */ = {isa = PBXFileReference; fileEncoding = 4; lastKnownFileType = sourcecode.swift; name = UILabel.swift; path = Extension/UILabel.swift; sourceTree = "<group>"; };
		4A57A5F41EEF8AD10099D640 /* Model.swift */ = {isa = PBXFileReference; fileEncoding = 4; lastKnownFileType = sourcecode.swift; name = Model.swift; path = Model/Model.swift; sourceTree = "<group>"; };
		4A57A5F71EEF8C6B0099D640 /* HttpRequest.swift */ = {isa = PBXFileReference; fileEncoding = 4; lastKnownFileType = sourcecode.swift; name = HttpRequest.swift; path = Request/HttpRequest.swift; sourceTree = "<group>"; };
/* End PBXFileReference section */

/* Begin PBXFrameworksBuildPhase section */
		4A57A5CF1EEF77EA0099D640 /* Frameworks */ = {
			isa = PBXFrameworksBuildPhase;
			buildActionMask = 2147483647;
			files = (
			);
			runOnlyForDeploymentPostprocessing = 0;
		};
/* End PBXFrameworksBuildPhase section */

/* Begin PBXGroup section */
		4A57A5C91EEF77EA0099D640 = {
			isa = PBXGroup;
			children = (
				4A57A5D41EEF77EA0099D640 /* MGDemo */,
				4A57A5D31EEF77EA0099D640 /* Products */,
			);
			sourceTree = "<group>";
		};
		4A57A5D31EEF77EA0099D640 /* Products */ = {
			isa = PBXGroup;
			children = (
				4A57A5D21EEF77EA0099D640 /* MGDemo.app */,
			);
			name = Products;
			sourceTree = "<group>";
		};
		4A57A5D41EEF77EA0099D640 /* MGDemo */ = {
			isa = PBXGroup;
			children = (
				4A57A5F91EEF8C780099D640 /* Request */,
				4A57A5F11EEF7C690099D640 /* Controller */,
				4A57A5E91EEF793F0099D640 /* View */,
				4A57A5F61EEF8AF10099D640 /* Model */,
				4A57A5EC1EEF7B130099D640 /* Extension */,
				4A57A5EF1EEF7C3D0099D640 /* Config */,
				4A57A5F01EEF7C540099D640 /* resource */,
			);
			path = MGDemo;
			sourceTree = "<group>";
		};
		4A57A5E91EEF793F0099D640 /* View */ = {
			isa = PBXGroup;
			children = (
				4A57A5E71EEF78FE0099D640 /* TableViewCell.swift */,
			);
			name = View;
			sourceTree = "<group>";
		};
		4A57A5EC1EEF7B130099D640 /* Extension */ = {
			isa = PBXGroup;
			children = (
				4A57A5F21EEF80E70099D640 /* UILabel.swift */,
			);
			name = Extension;
			sourceTree = "<group>";
		};
		4A57A5EF1EEF7C3D0099D640 /* Config */ = {
			isa = PBXGroup;
			children = (
				4A57A5ED1EEF7C360099D640 /* Macro.swift */,
			);
			name = Config;
			sourceTree = "<group>";
		};
		4A57A5F01EEF7C540099D640 /* resource */ = {
			isa = PBXGroup;
			children = (
				4A57A5D51EEF77EA0099D640 /* AppDelegate.swift */,
				4A57A5D91EEF77EA0099D640 /* Main.storyboard */,
				4A57A5DC1EEF77EA0099D640 /* Assets.xcassets */,
				4A57A5DE1EEF77EA0099D640 /* LaunchScreen.storyboard */,
				4A57A5E11EEF77EA0099D640 /* Info.plist */,
			);
			name = resource;
			sourceTree = "<group>";
		};
		4A57A5F11EEF7C690099D640 /* Controller */ = {
			isa = PBXGroup;
			children = (
				4A57A5D71EEF77EA0099D640 /* ViewController.swift */,
			);
			name = Controller;
			sourceTree = "<group>";
		};
		4A57A5F61EEF8AF10099D640 /* Model */ = {
			isa = PBXGroup;
			children = (
				4A57A5F41EEF8AD10099D640 /* Model.swift */,
			);
			name = Model;
			sourceTree = "<group>";
		};
		4A57A5F91EEF8C780099D640 /* Request */ = {
			isa = PBXGroup;
			children = (
				4A57A5F71EEF8C6B0099D640 /* HttpRequest.swift */,
			);
			name = Request;
			sourceTree = "<group>";
		};
/* End PBXGroup section */

/* Begin PBXNativeTarget section */
		4A57A5D11EEF77EA0099D640 /* MGDemo */ = {
			isa = PBXNativeTarget;
			buildConfigurationList = 4A57A5E41EEF77EA0099D640 /* Build configuration list for PBXNativeTarget "MGDemo" */;
			buildPhases = (
				4A57A5CE1EEF77EA0099D640 /* Sources */,
				4A57A5CF1EEF77EA0099D640 /* Frameworks */,
				4A57A5D01EEF77EA0099D640 /* Resources */,
			);
			buildRules = (
			);
			dependencies = (
			);
			name = MGDemo;
			productName = MGDemo;
			productReference = 4A57A5D21EEF77EA0099D640 /* MGDemo.app */;
			productType = "com.apple.product-type.application";
		};
/* End PBXNativeTarget section */

/* Begin PBXProject section */
		4A57A5CA1EEF77EA0099D640 /* Project object */ = {
			isa = PBXProject;
			attributes = {
				LastSwiftUpdateCheck = 0830;
				LastUpgradeCheck = 0830;
				ORGANIZATIONNAME = harry;
				TargetAttributes = {
					4A57A5D11EEF77EA0099D640 = {
						CreatedOnToolsVersion = 8.3.3;
						DevelopmentTeam = 3VWJR9MP28;
						ProvisioningStyle = Automatic;
					};
				};
			};
			buildConfigurationList = 4A57A5CD1EEF77EA0099D640 /* Build configuration list for PBXProject "MGDemo" */;
			compatibilityVersion = "Xcode 3.2";
			developmentRegion = English;
			hasScannedForEncodings = 0;
			knownRegions = (
				en,
				Base,
			);
			mainGroup = 4A57A5C91EEF77EA0099D640;
			productRefGroup = 4A57A5D31EEF77EA0099D640 /* Products */;
			projectDirPath = "";
			projectRoot = "";
			targets = (
				4A57A5D11EEF77EA0099D640 /* MGDemo */,
			);
		};
/* End PBXProject section */

/* Begin PBXResourcesBuildPhase section */
		4A57A5D01EEF77EA0099D640 /* Resources */ = {
			isa = PBXResourcesBuildPhase;
			buildActionMask = 2147483647;
			files = (
				4A57A5E01EEF77EA0099D640 /* LaunchScreen.storyboard in Resources */,
				4A57A5DD1EEF77EA0099D640 /* Assets.xcassets in Resources */,
				4A57A5DB1EEF77EA0099D640 /* Main.storyboard in Resources */,
			);
			runOnlyForDeploymentPostprocessing = 0;
		};
/* End PBXResourcesBuildPhase section */

/* Begin PBXSourcesBuildPhase section */
		4A57A5CE1EEF77EA0099D640 /* Sources */ = {
			isa = PBXSourcesBuildPhase;
			buildActionMask = 2147483647;
			files = (
				4A57A5F51EEF8AD10099D640 /* Model.swift in Sources */,
				4A57A5E81EEF78FE0099D640 /* TableViewCell.swift in Sources */,
				4A57A5D81EEF77EA0099D640 /* ViewController.swift in Sources */,
				4A57A5D61EEF77EA0099D640 /* AppDelegate.swift in Sources */,
				4A57A5F81EEF8C6B0099D640 /* HttpRequest.swift in Sources */,
				4A57A5F31EEF80E70099D640 /* UILabel.swift in Sources */,
				4A57A5EE1EEF7C360099D640 /* Macro.swift in Sources */,
			);
			runOnlyForDeploymentPostprocessing = 0;
		};
/* End PBXSourcesBuildPhase section */

/* Begin PBXVariantGroup section */
		4A57A5D91EEF77EA0099D640 /* Main.storyboard */ = {
			isa = PBXVariantGroup;
			children = (
				4A57A5DA1EEF77EA0099D640 /* Base */,
			);
			name = Main.storyboard;
			sourceTree = "<group>";
		};
		4A57A5DE1EEF77EA0099D640 /* LaunchScreen.storyboard */ = {
			isa = PBXVariantGroup;
			children = (
				4A57A5DF1EEF77EA0099D640 /* Base */,
			);
			name = LaunchScreen.storyboard;
			sourceTree = "<group>";
		};
/* End PBXVariantGroup section */

/* Begin XCBuildConfiguration section */
		4A57A5E21EEF77EA0099D640 /* Debug */ = {
			isa = XCBuildConfiguration;
			buildSettings = {
				ALWAYS_SEARCH_USER_PATHS = NO;
				CLANG_ANALYZER_NONNULL = YES;
				CLANG_ANALYZER_NUMBER_OBJECT_CONVERSION = YES_AGGRESSIVE;
				CLANG_CXX_LANGUAGE_STANDARD = "gnu++0x";
				CLANG_CXX_LIBRARY = "libc++";
				CLANG_ENABLE_MODULES = YES;
				CLANG_ENABLE_OBJC_ARC = YES;
				CLANG_WARN_BOOL_CONVERSION = YES;
				CLANG_WARN_CONSTANT_CONVERSION = YES;
				CLANG_WARN_DIRECT_OBJC_ISA_USAGE = YES_ERROR;
				CLANG_WARN_DOCUMENTATION_COMMENTS = YES;
				CLANG_WARN_EMPTY_BODY = YES;
				CLANG_WARN_ENUM_CONVERSION = YES;
				CLANG_WARN_INFINITE_RECURSION = YES;
				CLANG_WARN_INT_CONVERSION = YES;
				CLANG_WARN_OBJC_ROOT_CLASS = YES_ERROR;
				CLANG_WARN_SUSPICIOUS_MOVE = YES;
				CLANG_WARN_UNREACHABLE_CODE = YES;
				CLANG_WARN__DUPLICATE_METHOD_MATCH = YES;
				"CODE_SIGN_IDENTITY[sdk=iphoneos*]" = "iPhone Developer";
				COPY_PHASE_STRIP = NO;
				DEBUG_INFORMATION_FORMAT = dwarf;
				ENABLE_STRICT_OBJC_MSGSEND = YES;
				ENABLE_TESTABILITY = YES;
				GCC_C_LANGUAGE_STANDARD = gnu99;
				GCC_DYNAMIC_NO_PIC = NO;
				GCC_NO_COMMON_BLOCKS = YES;
				GCC_OPTIMIZATION_LEVEL = 0;
				GCC_PREPROCESSOR_DEFINITIONS = (
					"DEBUG=1",
					"$(inherited)",
				);
				GCC_WARN_64_TO_32_BIT_CONVERSION = YES;
				GCC_WARN_ABOUT_RETURN_TYPE = YES_ERROR;
				GCC_WARN_UNDECLARED_SELECTOR = YES;
				GCC_WARN_UNINITIALIZED_AUTOS = YES_AGGRESSIVE;
				GCC_WARN_UNUSED_FUNCTION = YES;
				GCC_WARN_UNUSED_VARIABLE = YES;
				IPHONEOS_DEPLOYMENT_TARGET = 10.3;
				MTL_ENABLE_DEBUG_INFO = YES;
				ONLY_ACTIVE_ARCH = YES;
				SDKROOT = iphoneos;
				SWIFT_ACTIVE_COMPILATION_CONDITIONS = DEBUG;
				SWIFT_OPTIMIZATION_LEVEL = "-Onone";
				TARGETED_DEVICE_FAMILY = "1,2";
			};
			name = Debug;
		};
		4A57A5E31EEF77EA0099D640 /* Release */ = {
			isa = XCBuildConfiguration;
			buildSettings = {
				ALWAYS_SEARCH_USER_PATHS = NO;
				CLANG_ANALYZER_NONNULL = YES;
				CLANG_ANALYZER_NUMBER_OBJECT_CONVERSION = YES_AGGRESSIVE;
				CLANG_CXX_LANGUAGE_STANDARD = "gnu++0x";
				CLANG_CXX_LIBRARY = "libc++";
				CLANG_ENABLE_MODULES = YES;
				CLANG_ENABLE_OBJC_ARC = YES;
				CLANG_WARN_BOOL_CONVERSION = YES;
				CLANG_WARN_CONSTANT_CONVERSION = YES;
				CLANG_WARN_DIRECT_OBJC_ISA_USAGE = YES_ERROR;
				CLANG_WARN_DOCUMENTATION_COMMENTS = YES;
				CLANG_WARN_EMPTY_BODY = YES;
				CLANG_WARN_ENUM_CONVERSION = YES;
				CLANG_WARN_INFINITE_RECURSION = YES;
				CLANG_WARN_INT_CONVERSION = YES;
				CLANG_WARN_OBJC_ROOT_CLASS = YES_ERROR;
				CLANG_WARN_SUSPICIOUS_MOVE = YES;
				CLANG_WARN_UNREACHABLE_CODE = YES;
				CLANG_WARN__DUPLICATE_METHOD_MATCH = YES;
				"CODE_SIGN_IDENTITY[sdk=iphoneos*]" = "iPhone Developer";
				COPY_PHASE_STRIP = NO;
				DEBUG_INFORMATION_FORMAT = "dwarf-with-dsym";
				ENABLE_NS_ASSERTIONS = NO;
				ENABLE_STRICT_OBJC_MSGSEND = YES;
				GCC_C_LANGUAGE_STANDARD = gnu99;
				GCC_NO_COMMON_BLOCKS = YES;
				GCC_WARN_64_TO_32_BIT_CONVERSION = YES;
				GCC_WARN_ABOUT_RETURN_TYPE = YES_ERROR;
				GCC_WARN_UNDECLARED_SELECTOR = YES;
				GCC_WARN_UNINITIALIZED_AUTOS = YES_AGGRESSIVE;
				GCC_WARN_UNUSED_FUNCTION = YES;
				GCC_WARN_UNUSED_VARIABLE = YES;
				IPHONEOS_DEPLOYMENT_TARGET = 10.3;
				MTL_ENABLE_DEBUG_INFO = NO;
				SDKROOT = iphoneos;
				SWIFT_OPTIMIZATION_LEVEL = "-Owholemodule";
				TARGETED_DEVICE_FAMILY = "1,2";
				VALIDATE_PRODUCT = YES;
			};
			name = Release;
		};
		4A57A5E51EEF77EA0099D640 /* Debug */ = {
			isa = XCBuildConfiguration;
			buildSettings = {
				ASSETCATALOG_COMPILER_APPICON_NAME = AppIcon;
				DEVELOPMENT_TEAM = 3VWJR9MP28;
				INFOPLIST_FILE = MGDemo/Info.plist;
				LD_RUNPATH_SEARCH_PATHS = "$(inherited) @executable_path/Frameworks";
				PRODUCT_BUNDLE_IDENTIFIER = com.harry.MGDemo;
				PRODUCT_NAME = "$(TARGET_NAME)";
				SWIFT_VERSION = 3.0;
			};
			name = Debug;
		};
		4A57A5E61EEF77EA0099D640 /* Release */ = {
			isa = XCBuildConfiguration;
			buildSettings = {
				ASSETCATALOG_COMPILER_APPICON_NAME = AppIcon;
				DEVELOPMENT_TEAM = 3VWJR9MP28;
				INFOPLIST_FILE = MGDemo/Info.plist;
				LD_RUNPATH_SEARCH_PATHS = "$(inherited) @executable_path/Frameworks";
				PRODUCT_BUNDLE_IDENTIFIER = com.harry.MGDemo;
				PRODUCT_NAME = "$(TARGET_NAME)";
				SWIFT_VERSION = 3.0;
			};
			name = Release;
		};
/* End XCBuildConfiguration section */

/* Begin XCConfigurationList section */
		4A57A5CD1EEF77EA0099D640 /* Build configuration list for PBXProject "MGDemo" */ = {
			isa = XCConfigurationList;
			buildConfigurations = (
				4A57A5E21EEF77EA0099D640 /* Debug */,
				4A57A5E31EEF77EA0099D640 /* Release */,
			);
			defaultConfigurationIsVisible = 0;
			defaultConfigurationName = Release;
		};
		4A57A5E41EEF77EA0099D640 /* Build configuration list for PBXNativeTarget "MGDemo" */ = {
			isa = XCConfigurationList;
			buildConfigurations = (
				4A57A5E51EEF77EA0099D640 /* Debug */,
				4A57A5E61EEF77EA0099D640 /* Release */,
			);
			defaultConfigurationIsVisible = 0;
		};
/* End XCConfigurationList section */
	};
	rootObject = 4A57A5CA1EEF77EA0099D640 /* Project object */;
}
